
Microsoft Visual Studio Solution File, Format Version 11.00
# Visual Studio 2010
Project("{FAE04EC0-301F-11D3-BF4B-00C04F79EFBC}") = "TideScraper.Web.Api", "TideScraper.Web.Api\TideScraper.Web.Api.csproj", "{F7FF3CAA-0D5A-4404-B81C-728CC63AE85D}"
EndProject
Project("{FAE04EC0-301F-11D3-BF4B-00C04F79EFBC}") = "TideScraper.Services", "TideScraper.Services\TideScraper.Services.csproj", "{2DB47740-C2A0-4DC5-8FF7-332E1115722B}"
EndProject
Project("{FAE04EC0-301F-11D3-BF4B-00C04F79EFBC}") = "TideScraper.Data", "TideScraper.Data\TideScraper.Data.csproj", "{AF10BD16-4ABF-49E8-8D3A-05D5C33F60FF}"
EndProject
Project("{FAE04EC0-301F-11D3-BF4B-00C04F79EFBC}") = "TideScraper.Core", "TideScraper.Core\TideScraper.Core.csproj", "{108E8973-E396-4D57-964E-9CF1E8FA65E2}"
EndProject
Project("{FAE04EC0-301F-11D3-BF4B-00C04F79EFBC}") = "TideScraper.Web.Api.Tests", "TideScraper.Web.Api.Tests\TideScraper.Web.Api.Tests.csproj", "{CA90DDAD-C13C-4E31-B843-8F444945F5C0}"
EndProject
Project("{2150E333-8FDC-42A3-9474-1A3956D46DE8}") = "Solution Items", "Solution Items", "{48D14664-8DA9-4EE1-B593-570B1B9531A7}"
	ProjectSection(SolutionItems) = preProject
		Local.testsettings = Local.testsettings
		TideScraper.vsmdi = TideScraper.vsmdi
		TraceAndTestImpact.testsettings = TraceAndTestImpact.testsettings
	EndProjectSection
EndProject
Project("{FAE04EC0-301F-11D3-BF4B-00C04F79EFBC}") = "TideScraper.Core.Tests", "TideScraper.Core.Tests\TideScraper.Core.Tests.csproj", "{2DC534FD-BAFC-4BFA-B081-9F62A39E8ADB}"
EndProject
Project("{2150E333-8FDC-42A3-9474-1A3956D46DE8}") = "Tests", "Tests", "{3AF1EF4D-42C0-440F-B002-BF58F9B4ED42}"
EndProject
Project("{FAE04EC0-301F-11D3-BF4B-00C04F79EFBC}") = "TideScraper.Web", "TideScraper.Web\TideScraper.Web.csproj", "{276B30BF-2DC2-41FC-975D-3923D4C3ECF1}"
EndProject
Global
	GlobalSection(TestCaseManagementSettings) = postSolution
		CategoryFile = TideScraper.vsmdi
	EndGlobalSection
	GlobalSection(SolutionConfigurationPlatforms) = preSolution
		Debug|Any CPU = Debug|Any CPU
		Release|Any CPU = Release|Any CPU
	EndGlobalSection
	GlobalSection(ProjectConfigurationPlatforms) = postSolution
		{F7FF3CAA-0D5A-4404-B81C-728CC63AE85D}.Debug|Any CPU.ActiveCfg = Debug|Any CPU
		{F7FF3CAA-0D5A-4404-B81C-728CC63AE85D}.Debug|Any CPU.Build.0 = Debug|Any CPU
		{F7FF3CAA-0D5A-4404-B81C-728CC63AE85D}.Release|Any CPU.ActiveCfg = Release|Any CPU
		{F7FF3CAA-0D5A-4404-B81C-728CC63AE85D}.Release|Any CPU.Build.0 = Release|Any CPU
		{2DB47740-C2A0-4DC5-8FF7-332E1115722B}.Debug|Any CPU.ActiveCfg = Debug|Any CPU
		{2DB47740-C2A0-4DC5-8FF7-332E1115722B}.Debug|Any CPU.Build.0 = Debug|Any CPU
		{2DB47740-C2A0-4DC5-8FF7-332E1115722B}.Release|Any CPU.ActiveCfg = Release|Any CPU
		{2DB47740-C2A0-4DC5-8FF7-332E1115722B}.Release|Any CPU.Build.0 = Release|Any CPU
		{AF10BD16-4ABF-49E8-8D3A-05D5C33F60FF}.Debug|Any CPU.ActiveCfg = Debug|Any CPU
		{AF10BD16-4ABF-49E8-8D3A-05D5C33F60FF}.Debug|Any CPU.Build.0 = Debug|Any CPU
		{AF10BD16-4ABF-49E8-8D3A-05D5C33F60FF}.Release|Any CPU.ActiveCfg = Release|Any CPU
		{AF10BD16-4ABF-49E8-8D3A-05D5C33F60FF}.Release|Any CPU.Build.0 = Release|Any CPU
		{108E8973-E396-4D57-964E-9CF1E8FA65E2}.Debug|Any CPU.ActiveCfg = Debug|Any CPU
		{108E8973-E396-4D57-964E-9CF1E8FA65E2}.Debug|Any CPU.Build.0 = Debug|Any CPU
		{108E8973-E396-4D57-964E-9CF1E8FA65E2}.Release|Any CPU.ActiveCfg = Release|Any CPU
		{108E8973-E396-4D57-964E-9CF1E8FA65E2}.Release|Any CPU.Build.0 = Release|Any CPU
		{CA90DDAD-C13C-4E31-B843-8F444945F5C0}.Debug|Any CPU.ActiveCfg = Debug|Any CPU
		{CA90DDAD-C13C-4E31-B843-8F444945F5C0}.Debug|Any CPU.Build.0 = Debug|Any CPU
		{CA90DDAD-C13C-4E31-B843-8F444945F5C0}.Release|Any CPU.ActiveCfg = Release|Any CPU
		{CA90DDAD-C13C-4E31-B843-8F444945F5C0}.Release|Any CPU.Build.0 = Release|Any CPU
		{2DC534FD-BAFC-4BFA-B081-9F62A39E8ADB}.Debug|Any CPU.ActiveCfg = Debug|Any CPU
		{2DC534FD-BAFC-4BFA-B081-9F62A39E8ADB}.Debug|Any CPU.Build.0 = Debug|Any CPU
		{2DC534FD-BAFC-4BFA-B081-9F62A39E8ADB}.Release|Any CPU.ActiveCfg = Release|Any CPU
		{2DC534FD-BAFC-4BFA-B081-9F62A39E8ADB}.Release|Any CPU.Build.0 = Release|Any CPU
		{276B30BF-2DC2-41FC-975D-3923D4C3ECF1}.Debug|Any CPU.ActiveCfg = Debug|Any CPU
		{276B30BF-2DC2-41FC-975D-3923D4C3ECF1}.Debug|Any CPU.Build.0 = Debug|Any CPU
		{276B30BF-2DC2-41FC-975D-3923D4C3ECF1}.Release|Any CPU.ActiveCfg = Release|Any CPU
		{276B30BF-2DC2-41FC-975D-3923D4C3ECF1}.Release|Any CPU.Build.0 = Release|Any CPU
	EndGlobalSection
	GlobalSection(SolutionProperties) = preSolution
		HideSolutionNode = FALSE
	EndGlobalSection
	GlobalSection(NestedProjects) = preSolution
		{2DC534FD-BAFC-4BFA-B081-9F62A39E8ADB} = {3AF1EF4D-42C0-440F-B002-BF58F9B4ED42}
		{CA90DDAD-C13C-4E31-B843-8F444945F5C0} = {3AF1EF4D-42C0-440F-B002-BF58F9B4ED42}
	EndGlobalSection
EndGlobal
